{
  "name": "rd16395p.github.io",
  "version": "1.0.0",
  "lockfileVersion": 1,
  "requires": true,
  "dependencies": {
    "nes.css": {
      "version": "2.0.0",
      "resolved": "https://registry.npmjs.org/nes.css/-/nes.css-2.0.0.tgz",
      "integrity": "sha512-F8A7gfZ+cGwJTeBmKplBg1REIfV0bzrnJBeuR1LDVuOC6y8nFs0eKtjijXZTxLPaaeDJnPwyD1QSkC0Bl1Y71w=="
    }
  }
}
